
Microsoft Visual Studio Solution File, Format Version 12.00
# Visual Studio 15
VisualStudioVersion = 15.0.27428.2015
MinimumVisualStudioVersion = 10.0.40219.1
Project("{DA7A21FA-8162-4350-AD77-A8D1B671F3ED}") = "mlrtm", "mlrtm.rxproj", "{3AE7091F-DEC8-47A6-BE2C-A147C0B33C90}"
EndProject
Global
	GlobalSection(SolutionConfigurationPlatforms) = preSolution
		Debug|Any CPU = Debug|Any CPU
		Release|Any CPU = Release|Any CPU
	EndGlobalSection
	GlobalSection(ProjectConfigurationPlatforms) = postSolution
		{3AE7091F-DEC8-47A6-BE2C-A147C0B33C90}.Debug|Any CPU.ActiveCfg = Debug|Any CPU
		{3AE7091F-DEC8-47A6-BE2C-A147C0B33C90}.Debug|Any CPU.Build.0 = Debug|Any CPU
		{3AE7091F-DEC8-47A6-BE2C-A147C0B33C90}.Release|Any CPU.ActiveCfg = Release|Any CPU
		{3AE7091F-DEC8-47A6-BE2C-A147C0B33C90}.Release|Any CPU.Build.0 = Release|Any CPU
	EndGlobalSection
	GlobalSection(SolutionProperties) = preSolution
		HideSolutionNode = FALSE
	EndGlobalSection
	GlobalSection(ExtensibilityGlobals) = postSolution
		SolutionGuid = {AD7F5794-AC53-43ED-BCFE-052311417654}
	EndGlobalSection
EndGlobal
